
Microsoft Visual Studio Solution File, Format Version 12.00
# Visual Studio Version 17
VisualStudioVersion = 17.3.32929.385
MinimumVisualStudioVersion = 10.0.40219.1
Project("{FAE04EC0-301F-11D3-BF4B-00C04F79EFBC}") = "LibraryWinFrom", "LibraryWinFrom\LibraryWinFrom.csproj", "{ABF5B698-0C08-4011-9449-16CD846F9BD8}"
EndProject
Global
	GlobalSection(SolutionConfigurationPlatforms) = preSolution
		Debug|Any CPU = Debug|Any CPU
		Release|Any CPU = Release|Any CPU
	EndGlobalSection
	GlobalSection(ProjectConfigurationPlatforms) = postSolution
		{ABF5B698-0C08-4011-9449-16CD846F9BD8}.Debug|Any CPU.ActiveCfg = Debug|Any CPU
		{ABF5B698-0C08-4011-9449-16CD846F9BD8}.Debug|Any CPU.Build.0 = Debug|Any CPU
		{ABF5B698-0C08-4011-9449-16CD846F9BD8}.Release|Any CPU.ActiveCfg = Release|Any CPU
		{ABF5B698-0C08-4011-9449-16CD846F9BD8}.Release|Any CPU.Build.0 = Release|Any CPU
	EndGlobalSection
	GlobalSection(SolutionProperties) = preSolution
		HideSolutionNode = FALSE
	EndGlobalSection
	GlobalSection(ExtensibilityGlobals) = postSolution
		SolutionGuid = {3C42C794-7632-475B-8B45-39904B11165F}
	EndGlobalSection
EndGlobal
